{
  "lockfileVersion": 1,
  "configVersion": 1,
  "workspaces": {
    "": {
      "name": "@weaming/tg-rich-markdown",
      "dependencies": {
        "koffi": "^3.1.4",
      },
      "devDependencies": {
        "@gramio/format": "^0.10.0",
        "marked": "^17.0.6",
      },
      "optionalDependencies": {
        "@weaming/tg-rich-markdown-darwin-arm64": "0.1.0",
        "@weaming/tg-rich-markdown-darwin-x64": "0.1.0",
      },
    },
  },
  "packages": {
    "@gramio/format": ["@gramio/format@0.10.0", "https://registry.npmmirror.com/@gramio/format/-/format-0.10.0.tgz", { "dependencies": { "@gramio/types": "^10.2.1" }, "peerDependencies": { "marked": "^15.0.11", "node-html-parser": ">=6.0.0" }, "optionalPeers": ["marked", "node-html-parser"] }, "sha512-cXbDwK7Lj1x3Rr34RwPZ3f6JQa6Uf0FQVB6rj/sHnH4v2mPDES6Nt99l+xPLxQZlySRUM6KkpJGcseOUiMnm1g=="],

    "@gramio/types": ["@gramio/types@10.2.2", "https://registry.npmmirror.com/@gramio/types/-/types-10.2.2.tgz", {}, "sha512-W0xeIAP8K0B2jaAZ3CU+giEnAHma+MePB4W/8E2oE6Y9PtaOnHpC9bZSj2knG8qUrxiuA1H+rH1zy5lzCaELaA=="],

    "@koromix/koffi-darwin-arm64": ["@koromix/koffi-darwin-arm64@3.1.5", "https://registry.npmmirror.com/@koromix/koffi-darwin-arm64/-/koffi-darwin-arm64-3.1.5.tgz", { "os": "darwin", "cpu": "arm64" }, "sha512-IpqITl2fJi3QN9bTtNnygWPdK7ScSjw3xtGu8e6feYGvimCysu+spgI5KyeslY2jTnqxGS9xr8pLAbLhGJ8edA=="],

    "@koromix/koffi-darwin-x64": ["@koromix/koffi-darwin-x64@3.1.5", "https://registry.npmmirror.com/@koromix/koffi-darwin-x64/-/koffi-darwin-x64-3.1.5.tgz", { "os": "darwin", "cpu": "x64" }, "sha512-4Tia4BS5EV/+vN9eIrdToanVe+U/2VqTZCBgOzoUbPKjgky51eqM+3J4qdRUvmYJohcJNPob5/hsxeItUZrl1g=="],

    "@koromix/koffi-freebsd-arm64": ["@koromix/koffi-freebsd-arm64@3.1.5", "https://registry.npmmirror.com/@koromix/koffi-freebsd-arm64/-/koffi-freebsd-arm64-3.1.5.tgz", { "os": "freebsd", "cpu": "arm64" }, "sha512-bP94uzseFO79NG3flpU3WxfyvltD+jzC/kN8FDZLi8J0VUZNW1Wmu8yq87KEzjX1qT9KyX4Y+elVbGqHXHTv2Q=="],

    "@koromix/koffi-freebsd-ia32": ["@koromix/koffi-freebsd-ia32@3.1.5", "https://registry.npmmirror.com/@koromix/koffi-freebsd-ia32/-/koffi-freebsd-ia32-3.1.5.tgz", { "os": "freebsd", "cpu": "ia32" }, "sha512-raFXXAPHzvCQWhaoMUF+Cc2ZWgg2UBU0RVoowHZhaw9nQYPC1pERcPRH+JA+SNIN6g4d2GFW6uPFc+QbUhsagA=="],

    "@koromix/koffi-freebsd-x64": ["@koromix/koffi-freebsd-x64@3.1.5", "https://registry.npmmirror.com/@koromix/koffi-freebsd-x64/-/koffi-freebsd-x64-3.1.5.tgz", { "os": "freebsd", "cpu": "x64" }, "sha512-h6RyBZmPMBIDWTABkJIhzDdYwSnYAJvTacHpEjbT55Arkmw1H15Rl7CFtXuEuBrqh+uivoCrRgA6vszl9CsJ9g=="],

    "@koromix/koffi-linux-arm64": ["@koromix/koffi-linux-arm64@3.1.5", "https://registry.npmmirror.com/@koromix/koffi-linux-arm64/-/koffi-linux-arm64-3.1.5.tgz", { "os": "linux", "cpu": "arm64" }, "sha512-u0vCmKPu4yQDhl/ri1J6U3vDnvYtYjoZaIWb+oMbRXhVZeiqdE53MGPb+q2A7Dj2n9IbYloAfEICQbL6l0pmiQ=="],

    "@koromix/koffi-linux-ia32": ["@koromix/koffi-linux-ia32@3.1.5", "https://registry.npmmirror.com/@koromix/koffi-linux-ia32/-/koffi-linux-ia32-3.1.5.tgz", { "os": "linux", "cpu": "ia32" }, "sha512-Xa5JbumWglwPVZgrJcLhqyC1wCWlfm7+C00p3FuOTNGp0qoYuf2/tOoAh0/q7+taVm30cMopu/6lRHwdmF6I/w=="],

    "@koromix/koffi-linux-loong64": ["@koromix/koffi-linux-loong64@3.1.5", "https://registry.npmmirror.com/@koromix/koffi-linux-loong64/-/koffi-linux-loong64-3.1.5.tgz", { "os": "linux", "cpu": "none" }, "sha512-F3i2CeTcqVBUQiSRUBSEzX1VgtXmLLiZb/ouZtXHkWpTLhJNd9TH7s3CizTofci0VRqlKdexGUYhK5vzPDAAHA=="],

    "@koromix/koffi-linux-riscv64": ["@koromix/koffi-linux-riscv64@3.1.5", "https://registry.npmmirror.com/@koromix/koffi-linux-riscv64/-/koffi-linux-riscv64-3.1.5.tgz", { "os": "linux", "cpu": "none" }, "sha512-2TgQuzy+4PfDg+rw3kOmN6lywEWdzKT3eaLPbOp0b/9DaN7CLBJ/QIR5GhGsMNpeI30zU0YzFeYFxoVoJ/LqFw=="],

    "@koromix/koffi-linux-x64": ["@koromix/koffi-linux-x64@3.1.5", "https://registry.npmmirror.com/@koromix/koffi-linux-x64/-/koffi-linux-x64-3.1.5.tgz", { "os": "linux", "cpu": "x64" }, "sha512-2yaIg/1V0m4CiAUMzG4CIlWmq1WJ+QBMlFfaGr9su+OH5fuIqC7V3BbMiB03IwIl1VofIZO5JA4Db4lID8tpbw=="],

    "@koromix/koffi-openbsd-ia32": ["@koromix/koffi-openbsd-ia32@3.1.5", "https://registry.npmmirror.com/@koromix/koffi-openbsd-ia32/-/koffi-openbsd-ia32-3.1.5.tgz", { "os": "openbsd", "cpu": "ia32" }, "sha512-8/OXd+u9omMooykhvdJPEP7u6FFzzrrFo9gOmSHc9/DPt3XkVYOtSsE97PDk6zYaAzwIYHSKjHvIXsfFwFc7sg=="],

    "@koromix/koffi-openbsd-x64": ["@koromix/koffi-openbsd-x64@3.1.5", "https://registry.npmmirror.com/@koromix/koffi-openbsd-x64/-/koffi-openbsd-x64-3.1.5.tgz", { "os": "openbsd", "cpu": "x64" }, "sha512-SpeqldKkuDk2aTj5PVWumy7eq6Tr2GtBPAOI1NiDHhg8xe433KraxrA9V9UjEd+1+kSGJQGR04nQByN3MPA9PQ=="],

    "@koromix/koffi-win32-arm64": ["@koromix/koffi-win32-arm64@3.1.5", "https://registry.npmmirror.com/@koromix/koffi-win32-arm64/-/koffi-win32-arm64-3.1.5.tgz", { "os": "win32", "cpu": "arm64" }, "sha512-uej3YAEKAhlfVPoIo5sOwtxhTLRVJ01LgtWrKGpnnAQU3C+Ilmaxdh+Oc2xc1G3NK30N5eCVJpyO9r3pjKC6Vw=="],

    "@koromix/koffi-win32-ia32": ["@koromix/koffi-win32-ia32@3.1.5", "https://registry.npmmirror.com/@koromix/koffi-win32-ia32/-/koffi-win32-ia32-3.1.5.tgz", { "os": "win32", "cpu": "ia32" }, "sha512-d42jv2f4PwtJGNJS19Xfn/BRtGsBNNVkw0O0K5tkIGI+yNq4MnPTSUsaGbDIkCLNsCgk/LFqAaE8BExyCdrujA=="],

    "@koromix/koffi-win32-x64": ["@koromix/koffi-win32-x64@3.1.5", "https://registry.npmmirror.com/@koromix/koffi-win32-x64/-/koffi-win32-x64-3.1.5.tgz", { "os": "win32", "cpu": "x64" }, "sha512-Pyo1WEHEP6Ek2NEn2pquwJzSPLOdY4vymoPSz0an1DgvFWSkOyBYYkGVoxL1ajfj5I1pPdXysYqixtVTzAtOfQ=="],

    "koffi": ["koffi@3.1.5", "https://registry.npmmirror.com/koffi/-/koffi-3.1.5.tgz", { "optionalDependencies": { "@koromix/koffi-darwin-arm64": "3.1.5", "@koromix/koffi-darwin-x64": "3.1.5", "@koromix/koffi-freebsd-arm64": "3.1.5", "@koromix/koffi-freebsd-ia32": "3.1.5", "@koromix/koffi-freebsd-x64": "3.1.5", "@koromix/koffi-linux-arm64": "3.1.5", "@koromix/koffi-linux-ia32": "3.1.5", "@koromix/koffi-linux-loong64": "3.1.5", "@koromix/koffi-linux-riscv64": "3.1.5", "@koromix/koffi-linux-x64": "3.1.5", "@koromix/koffi-openbsd-ia32": "3.1.5", "@koromix/koffi-openbsd-x64": "3.1.5", "@koromix/koffi-win32-arm64": "3.1.5", "@koromix/koffi-win32-ia32": "3.1.5", "@koromix/koffi-win32-x64": "3.1.5" } }, "sha512-XVwwrxg0Ca6IEUQF4YtGIU4XN0LSselFYpYvgfhh8wafCunhEEx5hPr7LZhp5QyeFA/LcRsKHTqncCdjWjWAlg=="],

    "marked": ["marked@17.0.6", "https://registry.npmmirror.com/marked/-/marked-17.0.6.tgz", { "bin": { "marked": "bin/marked.js" } }, "sha512-gB0gkNafnonOw0obSTEGZTT86IuhILt2Wfx0mWH/1Au83kybTayroZ/V6nS25mN7u8ASy+5fMhgB3XPNrOZdmA=="],
  }
}
